<?xml version="1.0" encoding="utf-8"?>
<Project ToolsVersion="4.0" xmlns="http://schemas.microsoft.com/developer/msbuild/2003">
  <ItemGroup>
    <Filter Include="Resource Files">
      <UniqueIdentifier>{67DA6AB6-F800-4c08-8B7A-83BB121AAD01}</UniqueIdentifier>
      <Extensions>rc;ico;cur;bmp;dlg;rc2;rct;bin;rgs;gif;jpg;jpeg;jpe;resx;tiff;tif;png;wav;mfcribbon-ms</Extensions>
    </Filter>
    <Filter Include="Cameras">
      <UniqueIdentifier>{6e8e7e30-a8dc-4edd-ac90-70cd09d695e3}</UniqueIdentifier>
    </Filter>
    <Filter Include="Application">
      <UniqueIdentifier>{a0503148-8fa8-44cc-88e0-e6bd594e99f3}</UniqueIdentifier>
    </Filter>
    <Filter Include="IntroToOpengl">
      <UniqueIdentifier>{f0ec5b92-8ec1-469f-adc9-3c9d77d61e6f}</UniqueIdentifier>
    </Filter>
    <Filter Include="RenderingGeometry">
      <UniqueIdentifier>{227496e5-0660-4173-a15d-391d0c81e9e0}</UniqueIdentifier>
    </Filter>
    <Filter Include="Texturing">
      <UniqueIdentifier>{0fa145d9-4224-4981-ae6a-034e49a73744}</UniqueIdentifier>
    </Filter>
    <Filter Include="Lighting">
      <UniqueIdentifier>{2cf35d34-0604-4a72-9444-e9203ddb28da}</UniqueIdentifier>
    </Filter>
    <Filter Include="AdvancedTexures">
      <UniqueIdentifier>{54bc9d8d-e599-465b-9d57-f22f5c991796}</UniqueIdentifier>
    </Filter>
  </ItemGroup>
  <ItemGroup>
    <ClInclude Include="src\CameraAndProjections.h">
      <Filter>Cameras</Filter>
    </ClInclude>
    <ClInclude Include="src\Camera.h">
      <Filter>Cameras</Filter>
    </ClInclude>
    <ClInclude Include="src\Application.h">
      <Filter>Application</Filter>
    </ClInclude>
    <ClInclude Include="src\Gizmos.h">
      <Filter>Application</Filter>
    </ClInclude>
    <ClInclude Include="src\gl_core_4_4.h">
      <Filter>Application</Filter>
    </ClInclude>
    <ClInclude Include="src\IntroToOpenGL.h">
      <Filter>IntroToOpengl</Filter>
    </ClInclude>
    <ClInclude Include="src\RenderingGeometry.h">
      <Filter>RenderingGeometry</Filter>
    </ClInclude>
    <ClInclude Include="src\glm_header.h" />
    <ClInclude Include="src\Utility.h" />
    <ClInclude Include="src\Texturing.h">
      <Filter>Texturing</Filter>
    </ClInclude>
    <ClInclude Include="src\Lighting.h">
      <Filter>Lighting</Filter>
    </ClInclude>
    <ClInclude Include="src\tiny_obj_loader.h" />
    <ClInclude Include="src\Vertex.h" />
    <ClInclude Include="src\AdvancedTextures.h">
      <Filter>AdvancedTexures</Filter>
    </ClInclude>
  </ItemGroup>
  <ItemGroup>
    <ClCompile Include="src\CameraAndProjections.cpp">
      <Filter>Cameras</Filter>
    </ClCompile>
    <ClCompile Include="src\Application.cpp">
      <Filter>Application</Filter>
    </ClCompile>
    <ClCompile Include="src\Gizmos.cpp">
      <Filter>Application</Filter>
    </ClCompile>
    <ClCompile Include="src\gl_core_4_4.c">
      <Filter>Application</Filter>
    </ClCompile>
    <ClCompile Include="src\IntroToOpenGL.cpp">
      <Filter>IntroToOpengl</Filter>
    </ClCompile>
    <ClCompile Include="src\main.cpp" />
    <ClCompile Include="src\Camera.cpp">
      <Filter>Cameras</Filter>
    </ClCompile>
    <ClCompile Include="src\RenderingGeometry.cpp">
      <Filter>RenderingGeometry</Filter>
    </ClCompile>
    <ClCompile Include="src\Utility.cpp" />
    <ClCompile Include="src\Texturing.cpp">
      <Filter>Texturing</Filter>
    </ClCompile>
    <ClCompile Include="src\Lighting.cpp">
      <Filter>Lighting</Filter>
    </ClCompile>
    <ClCompile Include="src\tiny_obj_loader.cc" />
    <ClCompile Include="src\AdvancedTextures.cpp">
      <Filter>AdvancedTexures</Filter>
    </ClCompile>
  </ItemGroup>
  <ItemGroup>
    <None Include="data\shaders\basic_fragment.glsl">
      <Filter>Resource Files</Filter>
    </None>
    <None Include="data\shaders\basic_vertex.glsl">
      <Filter>Resource Files</Filter>
    </None>
    <None Include="data\shaders\textured_vertex.glsl">
      <Filter>Resource Files</Filter>
    </None>
    <None Include="data\shaders\textured_fragment.glsl">
      <Filter>Resource Files</Filter>
    </None>
    <None Include="data\shaders\lighting_vertex.glsl">
      <Filter>Resource Files</Filter>
    </None>
    <None Include="data\shaders\lighting_fragment.glsl">
      <Filter>Resource Files</Filter>
    </None>
    <None Include="data\shaders\normal_mapped_vertex.glsl">
      <Filter>Resource Files</Filter>
    </None>
    <None Include="data\shaders\normal_mapped_fragment.glsl">
      <Filter>Resource Files</Filter>
    </None>
  </ItemGroup>
</Project>